
Microsoft Visual Studio Solution File, Format Version 12.00
Project("{FAE04EC0-301F-11D3-BF4B-00C04F79EFBC}") = "DeskBookTDD.Core.Tests", "DeskBookTDD.Core.Tests\DeskBookTDD.Core.Tests.csproj", "{61DC5A57-D7EB-4BE8-BAC1-DF879D430934}"
EndProject
Project("{FAE04EC0-301F-11D3-BF4B-00C04F79EFBC}") = "DeskBookTDD.Core", "DeskBookTDD.Core\DeskBookTDD.Core.csproj", "{2D28B9B5-A1AE-4921-85B6-0372D2F7B48E}"
EndProject
Global
	GlobalSection(SolutionConfigurationPlatforms) = preSolution
		Debug|Any CPU = Debug|Any CPU
		Release|Any CPU = Release|Any CPU
	EndGlobalSection
	GlobalSection(ProjectConfigurationPlatforms) = postSolution
		{61DC5A57-D7EB-4BE8-BAC1-DF879D430934}.Debug|Any CPU.ActiveCfg = Debug|Any CPU
		{61DC5A57-D7EB-4BE8-BAC1-DF879D430934}.Debug|Any CPU.Build.0 = Debug|Any CPU
		{61DC5A57-D7EB-4BE8-BAC1-DF879D430934}.Release|Any CPU.ActiveCfg = Release|Any CPU
		{61DC5A57-D7EB-4BE8-BAC1-DF879D430934}.Release|Any CPU.Build.0 = Release|Any CPU
		{2D28B9B5-A1AE-4921-85B6-0372D2F7B48E}.Debug|Any CPU.ActiveCfg = Debug|Any CPU
		{2D28B9B5-A1AE-4921-85B6-0372D2F7B48E}.Debug|Any CPU.Build.0 = Debug|Any CPU
		{2D28B9B5-A1AE-4921-85B6-0372D2F7B48E}.Release|Any CPU.ActiveCfg = Release|Any CPU
		{2D28B9B5-A1AE-4921-85B6-0372D2F7B48E}.Release|Any CPU.Build.0 = Release|Any CPU
	EndGlobalSection
EndGlobal
